PODS:
  - Capacitor (7.2.0):
    - CapacitorCordova
  - CapacitorCordova (7.2.0)
  - CapacitorDevice (7.0.1):
    - Capacitor

DEPENDENCIES:
  - "Capacitor (from `../../node_modules/@capacitor/ios`)"
  - "CapacitorCordova (from `../../node_modules/@capacitor/ios`)"
  - "CapacitorDevice (from `../../node_modules/@capacitor/device`)"

EXTERNAL SOURCES:
  Capacitor:
    :path: "../../node_modules/@capacitor/ios"
  CapacitorCordova:
    :path: "../../node_modules/@capacitor/ios"
  CapacitorDevice:
    :path: "../../node_modules/@capacitor/device"

SPEC CHECKSUMS:
  Capacitor: 106e7a4205f4618d582b886a975657c61179138d
  CapacitorCordova: 5967b9ba03915ef1d585469d6e31f31dc49be96f
  CapacitorDevice: fe3f190e1d718f4607bdc6b73993433d1c84f409

PODFILE CHECKSUM: aef20169c4a7cc7a897ad3a1a9406dca45dd46ac

COCOAPODS: 1.16.2
